// !$*UTF8*$!
{
	archiveVersion = 1;
	classes = {
	};
	objectVersion = 50;
	objects = {

/* Begin PBXBuildFile section */
		6596E89B230B0360001CA848 /* AppDelegate.swift in Sources */ = {isa = PBXBuildFile; fileRef = 6596E89A230B0360001CA848 /* AppDelegate.swift */; };
		6596E89D230B0360001CA848 /* ComicPageViewController.swift in Sources */ = {isa = PBXBuildFile; fileRef = 6596E89C230B0360001CA848 /* ComicPageViewController.swift */; };
		6596E89F230B0360001CA848 /* ComicPageDetailViewController.swift in Sources */ = {isa = PBXBuildFile; fileRef = 6596E89E230B0360001CA848 /* ComicPageDetailViewController.swift */; };
		6596E8A1230B0360001CA848 /* PageViewDataSource.swift in Sources */ = {isa = PBXBuildFile; fileRef = 6596E8A0230B0360001CA848 /* PageViewDataSource.swift */; };
		6596E8A4230B0360001CA848 /* PageViewController.storyboard in Resources */ = {isa = PBXBuildFile; fileRef = 6596E8A2230B0360001CA848 /* PageViewController.storyboard */; };
		6596E8A6230B0361001CA848 /* Assets.xcassets in Resources */ = {isa = PBXBuildFile; fileRef = 6596E8A5230B0361001CA848 /* Assets.xcassets */; };
		6596E8A9230B0361001CA848 /* LaunchScreen.storyboard in Resources */ = {isa = PBXBuildFile; fileRef = 6596E8A7230B0361001CA848 /* LaunchScreen.storyboard */; };
		6596E8B4230B0361001CA848 /* ComicViewerTests.swift in Sources */ = {isa = PBXBuildFile; fileRef = 6596E8B3230B0361001CA848 /* ComicViewerTests.swift */; };
		6596E8BF230B0F0A001CA848 /* Comic.swift in Sources */ = {isa = PBXBuildFile; fileRef = 6596E8BE230B0F0A001CA848 /* Comic.swift */; };
		6596E8C1230B103B001CA848 /* XKCDComic.swift in Sources */ = {isa = PBXBuildFile; fileRef = 6596E8C0230B103B001CA848 /* XKCDComic.swift */; };
		6596E8C3230B1333001CA848 /* Model.swift in Sources */ = {isa = PBXBuildFile; fileRef = 6596E8C2230B1333001CA848 /* Model.swift */; };
		6596E8D1230BF3AE001CA848 /* Alamofire.framework in Frameworks */ = {isa = PBXBuildFile; fileRef = 6596E8C8230BF08C001CA848 /* Alamofire.framework */; };
		6596E8D8230BFC05001CA848 /* Router.swift in Sources */ = {isa = PBXBuildFile; fileRef = 6596E8D7230BFC05001CA848 /* Router.swift */; };
		6596E8DA230BFC38001CA848 /* ComicNetworkAPI.swift in Sources */ = {isa = PBXBuildFile; fileRef = 6596E8D9230BFC38001CA848 /* ComicNetworkAPI.swift */; };
		6596E8DC230BFCCE001CA848 /* XKCDNetworkComicAPI.swift in Sources */ = {isa = PBXBuildFile; fileRef = 6596E8DB230BFCCE001CA848 /* XKCDNetworkComicAPI.swift */; };
		6596E8DD230BFFA3001CA848 /* AlamofireImage.framework in Frameworks */ = {isa = PBXBuildFile; fileRef = 6596E8D5230BF6AF001CA848 /* AlamofireImage.framework */; };
		6596E8DF230C1AF7001CA848 /* Dependency.swift in Sources */ = {isa = PBXBuildFile; fileRef = 6596E8DE230C1AF7001CA848 /* Dependency.swift */; };
		6596E8E1230C1BE4001CA848 /* ComicStore.swift in Sources */ = {isa = PBXBuildFile; fileRef = 6596E8E0230C1BE4001CA848 /* ComicStore.swift */; };
		6596E8E3230C209F001CA848 /* XKCDComicStore.swift in Sources */ = {isa = PBXBuildFile; fileRef = 6596E8E2230C209F001CA848 /* XKCDComicStore.swift */; };
		6596E8E5230C3549001CA848 /* ComicViewModel.swift in Sources */ = {isa = PBXBuildFile; fileRef = 6596E8E4230C3549001CA848 /* ComicViewModel.swift */; };
		6596E8E8230C43E2001CA848 /* ComicApp.storyboard in Resources */ = {isa = PBXBuildFile; fileRef = 6596E8E7230C43E2001CA848 /* ComicApp.storyboard */; };
		6596E8EB230C44CF001CA848 /* ComicCollectionViewController.swift in Sources */ = {isa = PBXBuildFile; fileRef = 6596E8EA230C44CF001CA848 /* ComicCollectionViewController.swift */; };
		6596E8ED230C45FA001CA848 /* ComicCollectionDataSource.swift in Sources */ = {isa = PBXBuildFile; fileRef = 6596E8EC230C45FA001CA848 /* ComicCollectionDataSource.swift */; };
		6596E8F0230C49B8001CA848 /* ComicCollectionViewCell.swift in Sources */ = {isa = PBXBuildFile; fileRef = 6596E8EE230C49B8001CA848 /* ComicCollectionViewCell.swift */; };
		6596E8F1230C49B8001CA848 /* ComicCollectionViewCell.xib in Resources */ = {isa = PBXBuildFile; fileRef = 6596E8EF230C49B8001CA848 /* ComicCollectionViewCell.xib */; };
		6596E8F4230C4C64001CA848 /* LoadingViewController.swift in Sources */ = {isa = PBXBuildFile; fileRef = 6596E8F2230C4C64001CA848 /* LoadingViewController.swift */; };
		6596E8F7230C5113001CA848 /* EmptyComicStore.swift in Sources */ = {isa = PBXBuildFile; fileRef = 6596E8F6230C5113001CA848 /* EmptyComicStore.swift */; };
/* End PBXBuildFile section */

/* Begin PBXContainerItemProxy section */
		6596E8B0230B0361001CA848 /* PBXContainerItemProxy */ = {
			isa = PBXContainerItemProxy;
			containerPortal = 6596E88F230B0360001CA848 /* Project object */;
			proxyType = 1;
			remoteGlobalIDString = 6596E896230B0360001CA848;
			remoteInfo = ComicViewer;
		};
/* End PBXContainerItemProxy section */

/* Begin PBXFileReference section */
		6596E897230B0360001CA848 /* ComicViewer.app */ = {isa = PBXFileReference; explicitFileType = wrapper.application; includeInIndex = 0; path = ComicViewer.app; sourceTree = BUILT_PRODUCTS_DIR; };
		6596E89A230B0360001CA848 /* AppDelegate.swift */ = {isa = PBXFileReference; lastKnownFileType = sourcecode.swift; path = AppDelegate.swift; sourceTree = "<group>"; };
		6596E89C230B0360001CA848 /* ComicPageViewController.swift */ = {isa = PBXFileReference; lastKnownFileType = sourcecode.swift; path = ComicPageViewController.swift; sourceTree = "<group>"; };
		6596E89E230B0360001CA848 /* ComicPageDetailViewController.swift */ = {isa = PBXFileReference; lastKnownFileType = sourcecode.swift; path = ComicPageDetailViewController.swift; sourceTree = "<group>"; };
		6596E8A0230B0360001CA848 /* PageViewDataSource.swift */ = {isa = PBXFileReference; lastKnownFileType = sourcecode.swift; path = PageViewDataSource.swift; sourceTree = "<group>"; };
		6596E8A3230B0360001CA848 /* Base */ = {isa = PBXFileReference; lastKnownFileType = file.storyboard; name = Base; path = Base.lproj/PageViewController.storyboard; sourceTree = "<group>"; };
		6596E8A5230B0361001CA848 /* Assets.xcassets */ = {isa = PBXFileReference; lastKnownFileType = folder.assetcatalog; path = Assets.xcassets; sourceTree = "<group>"; };
		6596E8A8230B0361001CA848 /* Base */ = {isa = PBXFileReference; lastKnownFileType = file.storyboard; name = Base; path = Base.lproj/LaunchScreen.storyboard; sourceTree = "<group>"; };
		6596E8AA230B0361001CA848 /* Info.plist */ = {isa = PBXFileReference; lastKnownFileType = text.plist.xml; path = Info.plist; sourceTree = "<group>"; };
		6596E8AF230B0361001CA848 /* ComicViewerTests.xctest */ = {isa = PBXFileReference; explicitFileType = wrapper.cfbundle; includeInIndex = 0; path = ComicViewerTests.xctest; sourceTree = BUILT_PRODUCTS_DIR; };
		6596E8B3230B0361001CA848 /* ComicViewerTests.swift */ = {isa = PBXFileReference; lastKnownFileType = sourcecode.swift; path = ComicViewerTests.swift; sourceTree = "<group>"; };
		6596E8B5230B0361001CA848 /* Info.plist */ = {isa = PBXFileReference; lastKnownFileType = text.plist.xml; path = Info.plist; sourceTree = "<group>"; };
		6596E8BE230B0F0A001CA848 /* Comic.swift */ = {isa = PBXFileReference; lastKnownFileType = sourcecode.swift; path = Comic.swift; sourceTree = "<group>"; };
		6596E8C0230B103B001CA848 /* XKCDComic.swift */ = {isa = PBXFileReference; lastKnownFileType = sourcecode.swift; path = XKCDComic.swift; sourceTree = "<group>"; };
		6596E8C2230B1333001CA848 /* Model.swift */ = {isa = PBXFileReference; lastKnownFileType = sourcecode.swift; path = Model.swift; sourceTree = "<group>"; };
		6596E8C8230BF08C001CA848 /* Alamofire.framework */ = {isa = PBXFileReference; lastKnownFileType = wrapper.framework; name = Alamofire.framework; path = Carthage/Build/iOS/Alamofire.framework; sourceTree = SOURCE_ROOT; };
		6596E8D5230BF6AF001CA848 /* AlamofireImage.framework */ = {isa = PBXFileReference; lastKnownFileType = wrapper.framework; name = AlamofireImage.framework; path = Carthage/Build/iOS/AlamofireImage.framework; sourceTree = SOURCE_ROOT; };
		6596E8D7230BFC05001CA848 /* Router.swift */ = {isa = PBXFileReference; lastKnownFileType = sourcecode.swift; path = Router.swift; sourceTree = "<group>"; };
		6596E8D9230BFC38001CA848 /* ComicNetworkAPI.swift */ = {isa = PBXFileReference; lastKnownFileType = sourcecode.swift; path = ComicNetworkAPI.swift; sourceTree = "<group>"; };
		6596E8DB230BFCCE001CA848 /* XKCDNetworkComicAPI.swift */ = {isa = PBXFileReference; lastKnownFileType = sourcecode.swift; path = XKCDNetworkComicAPI.swift; sourceTree = "<group>"; };
		6596E8DE230C1AF7001CA848 /* Dependency.swift */ = {isa = PBXFileReference; lastKnownFileType = sourcecode.swift; path = Dependency.swift; sourceTree = "<group>"; };
		6596E8E0230C1BE4001CA848 /* ComicStore.swift */ = {isa = PBXFileReference; lastKnownFileType = sourcecode.swift; path = ComicStore.swift; sourceTree = "<group>"; };
		6596E8E2230C209F001CA848 /* XKCDComicStore.swift */ = {isa = PBXFileReference; lastKnownFileType = sourcecode.swift; path = XKCDComicStore.swift; sourceTree = "<group>"; };
		6596E8E4230C3549001CA848 /* ComicViewModel.swift */ = {isa = PBXFileReference; lastKnownFileType = sourcecode.swift; path = ComicViewModel.swift; sourceTree = "<group>"; };
		6596E8E7230C43E2001CA848 /* ComicApp.storyboard */ = {isa = PBXFileReference; lastKnownFileType = file.storyboard; path = ComicApp.storyboard; sourceTree = "<group>"; };
		6596E8EA230C44CF001CA848 /* ComicCollectionViewController.swift */ = {isa = PBXFileReference; lastKnownFileType = sourcecode.swift; path = ComicCollectionViewController.swift; sourceTree = "<group>"; };
		6596E8EC230C45FA001CA848 /* ComicCollectionDataSource.swift */ = {isa = PBXFileReference; lastKnownFileType = sourcecode.swift; path = ComicCollectionDataSource.swift; sourceTree = "<group>"; };
		6596E8EE230C49B8001CA848 /* ComicCollectionViewCell.swift */ = {isa = PBXFileReference; lastKnownFileType = sourcecode.swift; path = ComicCollectionViewCell.swift; sourceTree = "<group>"; };
		6596E8EF230C49B8001CA848 /* ComicCollectionViewCell.xib */ = {isa = PBXFileReference; lastKnownFileType = file.xib; path = ComicCollectionViewCell.xib; sourceTree = "<group>"; };
		6596E8F2230C4C64001CA848 /* LoadingViewController.swift */ = {isa = PBXFileReference; lastKnownFileType = sourcecode.swift; path = LoadingViewController.swift; sourceTree = "<group>"; };
		6596E8F6230C5113001CA848 /* EmptyComicStore.swift */ = {isa = PBXFileReference; lastKnownFileType = sourcecode.swift; path = EmptyComicStore.swift; sourceTree = "<group>"; };
/* End PBXFileReference section */

/* Begin PBXFrameworksBuildPhase section */
		6596E894230B0360001CA848 /* Frameworks */ = {
			isa = PBXFrameworksBuildPhase;
			buildActionMask = 2147483647;
			files = (
				6596E8DD230BFFA3001CA848 /* AlamofireImage.framework in Frameworks */,
				6596E8D1230BF3AE001CA848 /* Alamofire.framework in Frameworks */,
			);
			runOnlyForDeploymentPostprocessing = 0;
		};
		6596E8AC230B0361001CA848 /* Frameworks */ = {
			isa = PBXFrameworksBuildPhase;
			buildActionMask = 2147483647;
			files = (
			);
			runOnlyForDeploymentPostprocessing = 0;
		};
/* End PBXFrameworksBuildPhase section */

/* Begin PBXGroup section */
		6596E88E230B0360001CA848 = {
			isa = PBXGroup;
			children = (
				6596E8C7230BF076001CA848 /* Libraries */,
				6596E899230B0360001CA848 /* ComicViewer */,
				6596E8B2230B0361001CA848 /* ComicViewerTests */,
				6596E898230B0360001CA848 /* Products */,
				6596E8CF230BF3AE001CA848 /* Frameworks */,
			);
			sourceTree = "<group>";
		};
		6596E898230B0360001CA848 /* Products */ = {
			isa = PBXGroup;
			children = (
				6596E897230B0360001CA848 /* ComicViewer.app */,
				6596E8AF230B0361001CA848 /* ComicViewerTests.xctest */,
			);
			name = Products;
			sourceTree = "<group>";
		};
		6596E899230B0360001CA848 /* ComicViewer */ = {
			isa = PBXGroup;
			children = (
				6596E8E9230C449B001CA848 /* UI */,
				6596E8CD230BF1FA001CA848 /* Models */,
				6596E8C4230BE553001CA848 /* Network */,
				6596E89A230B0360001CA848 /* AppDelegate.swift */,
				6596E8A5230B0361001CA848 /* Assets.xcassets */,
				6596E8AA230B0361001CA848 /* Info.plist */,
				6596E8DE230C1AF7001CA848 /* Dependency.swift */,
			);
			path = ComicViewer;
			sourceTree = "<group>";
		};
		6596E8B2230B0361001CA848 /* ComicViewerTests */ = {
			isa = PBXGroup;
			children = (
				6596E8B3230B0361001CA848 /* ComicViewerTests.swift */,
				6596E8B5230B0361001CA848 /* Info.plist */,
			);
			path = ComicViewerTests;
			sourceTree = "<group>";
		};
		6596E8C4230BE553001CA848 /* Network */ = {
			isa = PBXGroup;
			children = (
				6596E8D7230BFC05001CA848 /* Router.swift */,
				6596E8D9230BFC38001CA848 /* ComicNetworkAPI.swift */,
				6596E8DB230BFCCE001CA848 /* XKCDNetworkComicAPI.swift */,
			);
			path = Network;
			sourceTree = "<group>";
		};
		6596E8C7230BF076001CA848 /* Libraries */ = {
			isa = PBXGroup;
			children = (
				6596E8D5230BF6AF001CA848 /* AlamofireImage.framework */,
				6596E8C8230BF08C001CA848 /* Alamofire.framework */,
			);
			path = Libraries;
			sourceTree = "<group>";
		};
		6596E8CD230BF1FA001CA848 /* Models */ = {
			isa = PBXGroup;
			children = (
				6596E8C2230B1333001CA848 /* Model.swift */,
				6596E8BE230B0F0A001CA848 /* Comic.swift */,
				6596E8C0230B103B001CA848 /* XKCDComic.swift */,
				6596E8E0230C1BE4001CA848 /* ComicStore.swift */,
				6596E8F6230C5113001CA848 /* EmptyComicStore.swift */,
				6596E8E2230C209F001CA848 /* XKCDComicStore.swift */,
				6596E8E4230C3549001CA848 /* ComicViewModel.swift */,
			);
			path = Models;
			sourceTree = "<group>";
		};
		6596E8CF230BF3AE001CA848 /* Frameworks */ = {
			isa = PBXGroup;
			children = (
			);
			name = Frameworks;
			sourceTree = "<group>";
		};
		6596E8E6230C4387001CA848 /* PageViewController - UI test 1 */ = {
			isa = PBXGroup;
			children = (
				6596E8A2230B0360001CA848 /* PageViewController.storyboard */,
				6596E89C230B0360001CA848 /* ComicPageViewController.swift */,
				6596E89E230B0360001CA848 /* ComicPageDetailViewController.swift */,
				6596E8A0230B0360001CA848 /* PageViewDataSource.swift */,
			);
			path = "PageViewController - UI test 1";
			sourceTree = "<group>";
		};
		6596E8E9230C449B001CA848 /* UI */ = {
			isa = PBXGroup;
			children = (
				6596E8A7230B0361001CA848 /* LaunchScreen.storyboard */,
				6596E8E7230C43E2001CA848 /* ComicApp.storyboard */,
				6596E8E6230C4387001CA848 /* PageViewController - UI test 1 */,
				6596E8EA230C44CF001CA848 /* ComicCollectionViewController.swift */,
				6596E8EC230C45FA001CA848 /* ComicCollectionDataSource.swift */,
				6596E8EE230C49B8001CA848 /* ComicCollectionViewCell.swift */,
				6596E8EF230C49B8001CA848 /* ComicCollectionViewCell.xib */,
				6596E8F2230C4C64001CA848 /* LoadingViewController.swift */,
			);
			path = UI;
			sourceTree = "<group>";
		};
/* End PBXGroup section */

/* Begin PBXNativeTarget section */
		6596E896230B0360001CA848 /* ComicViewer */ = {
			isa = PBXNativeTarget;
			buildConfigurationList = 6596E8B8230B0361001CA848 /* Build configuration list for PBXNativeTarget "ComicViewer" */;
			buildPhases = (
				6596E893230B0360001CA848 /* Sources */,
				6596E894230B0360001CA848 /* Frameworks */,
				6596E895230B0360001CA848 /* Resources */,
				6596E8CA230BF0D8001CA848 /* ShellScript */,
			);
			buildRules = (
			);
			dependencies = (
			);
			name = ComicViewer;
			productName = ComicViewer;
			productReference = 6596E897230B0360001CA848 /* ComicViewer.app */;
			productType = "com.apple.product-type.application";
		};
		6596E8AE230B0361001CA848 /* ComicViewerTests */ = {
			isa = PBXNativeTarget;
			buildConfigurationList = 6596E8BB230B0361001CA848 /* Build configuration list for PBXNativeTarget "ComicViewerTests" */;
			buildPhases = (
				6596E8AB230B0361001CA848 /* Sources */,
				6596E8AC230B0361001CA848 /* Frameworks */,
				6596E8AD230B0361001CA848 /* Resources */,
			);
			buildRules = (
			);
			dependencies = (
				6596E8B1230B0361001CA848 /* PBXTargetDependency */,
			);
			name = ComicViewerTests;
			productName = ComicViewerTests;
			productReference = 6596E8AF230B0361001CA848 /* ComicViewerTests.xctest */;
			productType = "com.apple.product-type.bundle.unit-test";
		};
/* End PBXNativeTarget section */

/* Begin PBXProject section */
		6596E88F230B0360001CA848 /* Project object */ = {
			isa = PBXProject;
			attributes = {
				LastSwiftUpdateCheck = 1020;
				LastUpgradeCheck = 1020;
				ORGANIZATIONNAME = DML;
				TargetAttributes = {
					6596E896230B0360001CA848 = {
						CreatedOnToolsVersion = 10.2.1;
					};
					6596E8AE230B0361001CA848 = {
						CreatedOnToolsVersion = 10.2.1;
						TestTargetID = 6596E896230B0360001CA848;
					};
				};
			};
			buildConfigurationList = 6596E892230B0360001CA848 /* Build configuration list for PBXProject "ComicViewer" */;
			compatibilityVersion = "Xcode 9.3";
			developmentRegion = en;
			hasScannedForEncodings = 0;
			knownRegions = (
				en,
				Base,
			);
			mainGroup = 6596E88E230B0360001CA848;
			productRefGroup = 6596E898230B0360001CA848 /* Products */;
			projectDirPath = "";
			projectRoot = "";
			targets = (
				6596E896230B0360001CA848 /* ComicViewer */,
				6596E8AE230B0361001CA848 /* ComicViewerTests */,
			);
		};
/* End PBXProject section */

/* Begin PBXResourcesBuildPhase section */
		6596E895230B0360001CA848 /* Resources */ = {
			isa = PBXResourcesBuildPhase;
			buildActionMask = 2147483647;
			files = (
				6596E8A9230B0361001CA848 /* LaunchScreen.storyboard in Resources */,
				6596E8A6230B0361001CA848 /* Assets.xcassets in Resources */,
				6596E8F1230C49B8001CA848 /* ComicCollectionViewCell.xib in Resources */,
				6596E8E8230C43E2001CA848 /* ComicApp.storyboard in Resources */,
				6596E8A4230B0360001CA848 /* PageViewController.storyboard in Resources */,
			);
			runOnlyForDeploymentPostprocessing = 0;
		};
		6596E8AD230B0361001CA848 /* Resources */ = {
			isa = PBXResourcesBuildPhase;
			buildActionMask = 2147483647;
			files = (
			);
			runOnlyForDeploymentPostprocessing = 0;
		};
/* End PBXResourcesBuildPhase section */

/* Begin PBXShellScriptBuildPhase section */
		6596E8CA230BF0D8001CA848 /* ShellScript */ = {
			isa = PBXShellScriptBuildPhase;
			buildActionMask = 2147483647;
			files = (
			);
			inputFileListPaths = (
			);
			inputPaths = (
				"$(SRCROOT)/Carthage/Build/iOS/Alamofire.framework",
				"$(SRCROOT)/Carthage/Build/iOS/AlamofireImage.framework",
			);
			outputFileListPaths = (
			);
			outputPaths = (
				"$(BUILT_PRODUCTS_DIR)/$(FRAMEWORKS_FOLDER_PATH)/Alamofire.framework",
				"$(BUILT_PRODUCTS_DIR)/$(FRAMEWORKS_FOLDER_PATH)/AlamofireImage.framework",
			);
			runOnlyForDeploymentPostprocessing = 0;
			shellPath = /bin/sh;
			shellScript = "/usr/local/bin/carthage copy-frameworks\n";
		};
/* End PBXShellScriptBuildPhase section */

/* Begin PBXSourcesBuildPhase section */
		6596E893230B0360001CA848 /* Sources */ = {
			isa = PBXSourcesBuildPhase;
			buildActionMask = 2147483647;
			files = (
				6596E8D8230BFC05001CA848 /* Router.swift in Sources */,
				6596E8E3230C209F001CA848 /* XKCDComicStore.swift in Sources */,
				6596E8F7230C5113001CA848 /* EmptyComicStore.swift in Sources */,
				6596E8C3230B1333001CA848 /* Model.swift in Sources */,
				6596E8DC230BFCCE001CA848 /* XKCDNetworkComicAPI.swift in Sources */,
				6596E8E1230C1BE4001CA848 /* ComicStore.swift in Sources */,
				6596E8F4230C4C64001CA848 /* LoadingViewController.swift in Sources */,
				6596E89D230B0360001CA848 /* ComicPageViewController.swift in Sources */,
				6596E8A1230B0360001CA848 /* PageViewDataSource.swift in Sources */,
				6596E8BF230B0F0A001CA848 /* Comic.swift in Sources */,
				6596E8DF230C1AF7001CA848 /* Dependency.swift in Sources */,
				6596E8C1230B103B001CA848 /* XKCDComic.swift in Sources */,
				6596E89F230B0360001CA848 /* ComicPageDetailViewController.swift in Sources */,
				6596E89B230B0360001CA848 /* AppDelegate.swift in Sources */,
				6596E8ED230C45FA001CA848 /* ComicCollectionDataSource.swift in Sources */,
				6596E8EB230C44CF001CA848 /* ComicCollectionViewController.swift in Sources */,
				6596E8E5230C3549001CA848 /* ComicViewModel.swift in Sources */,
				6596E8F0230C49B8001CA848 /* ComicCollectionViewCell.swift in Sources */,
				6596E8DA230BFC38001CA848 /* ComicNetworkAPI.swift in Sources */,
			);
			runOnlyForDeploymentPostprocessing = 0;
		};
		6596E8AB230B0361001CA848 /* Sources */ = {
			isa = PBXSourcesBuildPhase;
			buildActionMask = 2147483647;
			files = (
				6596E8B4230B0361001CA848 /* ComicViewerTests.swift in Sources */,
			);
			runOnlyForDeploymentPostprocessing = 0;
		};
/* End PBXSourcesBuildPhase section */

/* Begin PBXTargetDependency section */
		6596E8B1230B0361001CA848 /* PBXTargetDependency */ = {
			isa = PBXTargetDependency;
			target = 6596E896230B0360001CA848 /* ComicViewer */;
			targetProxy = 6596E8B0230B0361001CA848 /* PBXContainerItemProxy */;
		};
/* End PBXTargetDependency section */

/* Begin PBXVariantGroup section */
		6596E8A2230B0360001CA848 /* PageViewController.storyboard */ = {
			isa = PBXVariantGroup;
			children = (
				6596E8A3230B0360001CA848 /* Base */,
			);
			name = PageViewController.storyboard;
			sourceTree = "<group>";
		};
		6596E8A7230B0361001CA848 /* LaunchScreen.storyboard */ = {
			isa = PBXVariantGroup;
			children = (
				6596E8A8230B0361001CA848 /* Base */,
			);
			name = LaunchScreen.storyboard;
			sourceTree = "<group>";
		};
/* End PBXVariantGroup section */

/* Begin XCBuildConfiguration section */
		6596E8B6230B0361001CA848 /* Debug */ = {
			isa = XCBuildConfiguration;
			buildSettings = {
				ALWAYS_SEARCH_USER_PATHS = NO;
				CLANG_ANALYZER_NONNULL = YES;
				CLANG_ANALYZER_NUMBER_OBJECT_CONVERSION = YES_AGGRESSIVE;
				CLANG_CXX_LANGUAGE_STANDARD = "gnu++14";
				CLANG_CXX_LIBRARY = "libc++";
				CLANG_ENABLE_MODULES = YES;
				CLANG_ENABLE_OBJC_ARC = YES;
				CLANG_ENABLE_OBJC_WEAK = YES;
				CLANG_WARN_BLOCK_CAPTURE_AUTORELEASING = YES;
				CLANG_WARN_BOOL_CONVERSION = YES;
				CLANG_WARN_COMMA = YES;
				CLANG_WARN_CONSTANT_CONVERSION = YES;
				CLANG_WARN_DEPRECATED_OBJC_IMPLEMENTATIONS = YES;
				CLANG_WARN_DIRECT_OBJC_ISA_USAGE = YES_ERROR;
				CLANG_WARN_DOCUMENTATION_COMMENTS = YES;
				CLANG_WARN_EMPTY_BODY = YES;
				CLANG_WARN_ENUM_CONVERSION = YES;
				CLANG_WARN_INFINITE_RECURSION = YES;
				CLANG_WARN_INT_CONVERSION = YES;
				CLANG_WARN_NON_LITERAL_NULL_CONVERSION = YES;
				CLANG_WARN_OBJC_IMPLICIT_RETAIN_SELF = YES;
				CLANG_WARN_OBJC_LITERAL_CONVERSION = YES;
				CLANG_WARN_OBJC_ROOT_CLASS = YES_ERROR;
				CLANG_WARN_RANGE_LOOP_ANALYSIS = YES;
				CLANG_WARN_STRICT_PROTOTYPES = YES;
				CLANG_WARN_SUSPICIOUS_MOVE = YES;
				CLANG_WARN_UNGUARDED_AVAILABILITY = YES_AGGRESSIVE;
				CLANG_WARN_UNREACHABLE_CODE = YES;
				CLANG_WARN__DUPLICATE_METHOD_MATCH = YES;
				CODE_SIGN_IDENTITY = "iPhone Developer";
				COPY_PHASE_STRIP = NO;
				DEBUG_INFORMATION_FORMAT = dwarf;
				ENABLE_STRICT_OBJC_MSGSEND = YES;
				ENABLE_TESTABILITY = YES;
				GCC_C_LANGUAGE_STANDARD = gnu11;
				GCC_DYNAMIC_NO_PIC = NO;
				GCC_NO_COMMON_BLOCKS = YES;
				GCC_OPTIMIZATION_LEVEL = 0;
				GCC_PREPROCESSOR_DEFINITIONS = (
					"DEBUG=1",
					"$(inherited)",
				);
				GCC_WARN_64_TO_32_BIT_CONVERSION = YES;
				GCC_WARN_ABOUT_RETURN_TYPE = YES_ERROR;
				GCC_WARN_UNDECLARED_SELECTOR = YES;
				GCC_WARN_UNINITIALIZED_AUTOS = YES_AGGRESSIVE;
				GCC_WARN_UNUSED_FUNCTION = YES;
				GCC_WARN_UNUSED_VARIABLE = YES;
				IPHONEOS_DEPLOYMENT_TARGET = 12.2;
				MTL_ENABLE_DEBUG_INFO = INCLUDE_SOURCE;
				MTL_FAST_MATH = YES;
				ONLY_ACTIVE_ARCH = YES;
				SDKROOT = iphoneos;
				SWIFT_ACTIVE_COMPILATION_CONDITIONS = DEBUG;
				SWIFT_OPTIMIZATION_LEVEL = "-Onone";
			};
			name = Debug;
		};
		6596E8B7230B0361001CA848 /* Release */ = {
			isa = XCBuildConfiguration;
			buildSettings = {
				ALWAYS_SEARCH_USER_PATHS = NO;
				CLANG_ANALYZER_NONNULL = YES;
				CLANG_ANALYZER_NUMBER_OBJECT_CONVERSION = YES_AGGRESSIVE;
				CLANG_CXX_LANGUAGE_STANDARD = "gnu++14";
				CLANG_CXX_LIBRARY = "libc++";
				CLANG_ENABLE_MODULES = YES;
				CLANG_ENABLE_OBJC_ARC = YES;
				CLANG_ENABLE_OBJC_WEAK = YES;
				CLANG_WARN_BLOCK_CAPTURE_AUTORELEASING = YES;
				CLANG_WARN_BOOL_CONVERSION = YES;
				CLANG_WARN_COMMA = YES;
				CLANG_WARN_CONSTANT_CONVERSION = YES;
				CLANG_WARN_DEPRECATED_OBJC_IMPLEMENTATIONS = YES;
				CLANG_WARN_DIRECT_OBJC_ISA_USAGE = YES_ERROR;
				CLANG_WARN_DOCUMENTATION_COMMENTS = YES;
				CLANG_WARN_EMPTY_BODY = YES;
				CLANG_WARN_ENUM_CONVERSION = YES;
				CLANG_WARN_INFINITE_RECURSION = YES;
				CLANG_WARN_INT_CONVERSION = YES;
				CLANG_WARN_NON_LITERAL_NULL_CONVERSION = YES;
				CLANG_WARN_OBJC_IMPLICIT_RETAIN_SELF = YES;
				CLANG_WARN_OBJC_LITERAL_CONVERSION = YES;
				CLANG_WARN_OBJC_ROOT_CLASS = YES_ERROR;
				CLANG_WARN_RANGE_LOOP_ANALYSIS = YES;
				CLANG_WARN_STRICT_PROTOTYPES = YES;
				CLANG_WARN_SUSPICIOUS_MOVE = YES;
				CLANG_WARN_UNGUARDED_AVAILABILITY = YES_AGGRESSIVE;
				CLANG_WARN_UNREACHABLE_CODE = YES;
				CLANG_WARN__DUPLICATE_METHOD_MATCH = YES;
				CODE_SIGN_IDENTITY = "iPhone Developer";
				COPY_PHASE_STRIP = NO;
				DEBUG_INFORMATION_FORMAT = "dwarf-with-dsym";
				ENABLE_NS_ASSERTIONS = NO;
				ENABLE_STRICT_OBJC_MSGSEND = YES;
				GCC_C_LANGUAGE_STANDARD = gnu11;
				GCC_NO_COMMON_BLOCKS = YES;
				GCC_WARN_64_TO_32_BIT_CONVERSION = YES;
				GCC_WARN_ABOUT_RETURN_TYPE = YES_ERROR;
				GCC_WARN_UNDECLARED_SELECTOR = YES;
				GCC_WARN_UNINITIALIZED_AUTOS = YES_AGGRESSIVE;
				GCC_WARN_UNUSED_FUNCTION = YES;
				GCC_WARN_UNUSED_VARIABLE = YES;
				IPHONEOS_DEPLOYMENT_TARGET = 12.2;
				MTL_ENABLE_DEBUG_INFO = NO;
				MTL_FAST_MATH = YES;
				SDKROOT = iphoneos;
				SWIFT_COMPILATION_MODE = wholemodule;
				SWIFT_OPTIMIZATION_LEVEL = "-O";
				VALIDATE_PRODUCT = YES;
			};
			name = Release;
		};
		6596E8B9230B0361001CA848 /* Debug */ = {
			isa = XCBuildConfiguration;
			buildSettings = {
				ASSETCATALOG_COMPILER_APPICON_NAME = AppIcon;
				CODE_SIGN_STYLE = Automatic;
				DEVELOPMENT_TEAM = 9SGT8SRJ57;
				FRAMEWORK_SEARCH_PATHS = (
					"$(inherited)",
					"$(PROJECT_DIR)/Carthage/Build/iOS",
				);
				INFOPLIST_FILE = ComicViewer/Info.plist;
				LD_RUNPATH_SEARCH_PATHS = (
					"$(inherited)",
					"@executable_path/Frameworks",
				);
				PRODUCT_BUNDLE_IDENTIFIER = to.eci.ComicViewer;
				PRODUCT_NAME = "$(TARGET_NAME)";
				SWIFT_VERSION = 5.0;
				TARGETED_DEVICE_FAMILY = "1,2";
			};
			name = Debug;
		};
		6596E8BA230B0361001CA848 /* Release */ = {
			isa = XCBuildConfiguration;
			buildSettings = {
				ASSETCATALOG_COMPILER_APPICON_NAME = AppIcon;
				CODE_SIGN_STYLE = Automatic;
				DEVELOPMENT_TEAM = 9SGT8SRJ57;
				FRAMEWORK_SEARCH_PATHS = (
					"$(inherited)",
					"$(PROJECT_DIR)/Carthage/Build/iOS",
				);
				INFOPLIST_FILE = ComicViewer/Info.plist;
				LD_RUNPATH_SEARCH_PATHS = (
					"$(inherited)",
					"@executable_path/Frameworks",
				);
				PRODUCT_BUNDLE_IDENTIFIER = to.eci.ComicViewer;
				PRODUCT_NAME = "$(TARGET_NAME)";
				SWIFT_VERSION = 5.0;
				TARGETED_DEVICE_FAMILY = "1,2";
			};
			name = Release;
		};
		6596E8BC230B0361001CA848 /* Debug */ = {
			isa = XCBuildConfiguration;
			buildSettings = {
				ALWAYS_EMBED_SWIFT_STANDARD_LIBRARIES = YES;
				BUNDLE_LOADER = "$(TEST_HOST)";
				CODE_SIGN_STYLE = Automatic;
				DEVELOPMENT_TEAM = 9SGT8SRJ57;
				INFOPLIST_FILE = ComicViewerTests/Info.plist;
				LD_RUNPATH_SEARCH_PATHS = (
					"$(inherited)",
					"@executable_path/Frameworks",
					"@loader_path/Frameworks",
				);
				PRODUCT_BUNDLE_IDENTIFIER = to.eci.ComicViewerTests;
				PRODUCT_NAME = "$(TARGET_NAME)";
				SWIFT_VERSION = 5.0;
				TARGETED_DEVICE_FAMILY = "1,2";
				TEST_HOST = "$(BUILT_PRODUCTS_DIR)/ComicViewer.app/ComicViewer";
			};
			name = Debug;
		};
		6596E8BD230B0361001CA848 /* Release */ = {
			isa = XCBuildConfiguration;
			buildSettings = {
				ALWAYS_EMBED_SWIFT_STANDARD_LIBRARIES = YES;
				BUNDLE_LOADER = "$(TEST_HOST)";
				CODE_SIGN_STYLE = Automatic;
				DEVELOPMENT_TEAM = 9SGT8SRJ57;
				INFOPLIST_FILE = ComicViewerTests/Info.plist;
				LD_RUNPATH_SEARCH_PATHS = (
					"$(inherited)",
					"@executable_path/Frameworks",
					"@loader_path/Frameworks",
				);
				PRODUCT_BUNDLE_IDENTIFIER = to.eci.ComicViewerTests;
				PRODUCT_NAME = "$(TARGET_NAME)";
				SWIFT_VERSION = 5.0;
				TARGETED_DEVICE_FAMILY = "1,2";
				TEST_HOST = "$(BUILT_PRODUCTS_DIR)/ComicViewer.app/ComicViewer";
			};
			name = Release;
		};
/* End XCBuildConfiguration section */

/* Begin XCConfigurationList section */
		6596E892230B0360001CA848 /* Build configuration list for PBXProject "ComicViewer" */ = {
			isa = XCConfigurationList;
			buildConfigurations = (
				6596E8B6230B0361001CA848 /* Debug */,
				6596E8B7230B0361001CA848 /* Release */,
			);
			defaultConfigurationIsVisible = 0;
			defaultConfigurationName = Release;
		};
		6596E8B8230B0361001CA848 /* Build configuration list for PBXNativeTarget "ComicViewer" */ = {
			isa = XCConfigurationList;
			buildConfigurations = (
				6596E8B9230B0361001CA848 /* Debug */,
				6596E8BA230B0361001CA848 /* Release */,
			);
			defaultConfigurationIsVisible = 0;
			defaultConfigurationName = Release;
		};
		6596E8BB230B0361001CA848 /* Build configuration list for PBXNativeTarget "ComicViewerTests" */ = {
			isa = XCConfigurationList;
			buildConfigurations = (
				6596E8BC230B0361001CA848 /* Debug */,
				6596E8BD230B0361001CA848 /* Release */,
			);
			defaultConfigurationIsVisible = 0;
			defaultConfigurationName = Release;
		};
/* End XCConfigurationList section */
	};
	rootObject = 6596E88F230B0360001CA848 /* Project object */;
}
